// !$*UTF8*$!
{
	archiveVersion = 1;
	classes = {
	};
	objectVersion = 56;
	objects = {

/* Begin PBXBuildFile section */
		1E823A9C2C1CD73F0005B2FF /* AppDelegate.swift in Sources */ = {isa = PBXBuildFile; fileRef = 1E823A9B2C1CD73F0005B2FF /* AppDelegate.swift */; };
		1E823A9E2C1CD73F0005B2FF /* SceneDelegate.swift in Sources */ = {isa = PBXBuildFile; fileRef = 1E823A9D2C1CD73F0005B2FF /* SceneDelegate.swift */; };
		1E823AA02C1CD73F0005B2FF /* ViewController.swift in Sources */ = {isa = PBXBuildFile; fileRef = 1E823A9F2C1CD73F0005B2FF /* ViewController.swift */; };
		1E823AA32C1CD73F0005B2FF /* Main.storyboard in Resources */ = {isa = PBXBuildFile; fileRef = 1E823AA12C1CD73F0005B2FF /* Main.storyboard */; };
		1E823AA52C1CD7460005B2FF /* Assets.xcassets in Resources */ = {isa = PBXBuildFile; fileRef = 1E823AA42C1CD7460005B2FF /* Assets.xcassets */; };
		1E823AA82C1CD7460005B2FF /* LaunchScreen.storyboard in Resources */ = {isa = PBXBuildFile; fileRef = 1E823AA62C1CD7460005B2FF /* LaunchScreen.storyboard */; };
		1E823AB32C1CD7470005B2FF /* LBCTechnicalTestTests.swift in Sources */ = {isa = PBXBuildFile; fileRef = 1E823AB22C1CD7470005B2FF /* LBCTechnicalTestTests.swift */; };
/* End PBXBuildFile section */

/* Begin PBXContainerItemProxy section */
		1E823AAF2C1CD7470005B2FF /* PBXContainerItemProxy */ = {
			isa = PBXContainerItemProxy;
			containerPortal = 1E823A902C1CD73F0005B2FF /* Project object */;
			proxyType = 1;
			remoteGlobalIDString = 1E823A972C1CD73F0005B2FF;
			remoteInfo = LBCTechnicalTest;
		};
/* End PBXContainerItemProxy section */

/* Begin PBXFileReference section */
		1E823A982C1CD73F0005B2FF /* LBCTechnicalTest.app */ = {isa = PBXFileReference; explicitFileType = wrapper.application; includeInIndex = 0; path = LBCTechnicalTest.app; sourceTree = BUILT_PRODUCTS_DIR; };
		1E823A9B2C1CD73F0005B2FF /* AppDelegate.swift */ = {isa = PBXFileReference; lastKnownFileType = sourcecode.swift; path = AppDelegate.swift; sourceTree = "<group>"; };
		1E823A9D2C1CD73F0005B2FF /* SceneDelegate.swift */ = {isa = PBXFileReference; lastKnownFileType = sourcecode.swift; path = SceneDelegate.swift; sourceTree = "<group>"; };
		1E823A9F2C1CD73F0005B2FF /* ViewController.swift */ = {isa = PBXFileReference; lastKnownFileType = sourcecode.swift; path = ViewController.swift; sourceTree = "<group>"; };
		1E823AA22C1CD73F0005B2FF /* Base */ = {isa = PBXFileReference; lastKnownFileType = file.storyboard; name = Base; path = Base.lproj/Main.storyboard; sourceTree = "<group>"; };
		1E823AA42C1CD7460005B2FF /* Assets.xcassets */ = {isa = PBXFileReference; lastKnownFileType = folder.assetcatalog; path = Assets.xcassets; sourceTree = "<group>"; };
		1E823AA72C1CD7460005B2FF /* Base */ = {isa = PBXFileReference; lastKnownFileType = file.storyboard; name = Base; path = Base.lproj/LaunchScreen.storyboard; sourceTree = "<group>"; };
		1E823AA92C1CD7460005B2FF /* Info.plist */ = {isa = PBXFileReference; lastKnownFileType = text.plist.xml; path = Info.plist; sourceTree = "<group>"; };
		1E823AAE2C1CD7470005B2FF /* LBCTechnicalTestTests.xctest */ = {isa = PBXFileReference; explicitFileType = wrapper.cfbundle; includeInIndex = 0; path = LBCTechnicalTestTests.xctest; sourceTree = BUILT_PRODUCTS_DIR; };
		1E823AB22C1CD7470005B2FF /* LBCTechnicalTestTests.swift */ = {isa = PBXFileReference; lastKnownFileType = sourcecode.swift; path = LBCTechnicalTestTests.swift; sourceTree = "<group>"; };
/* End PBXFileReference section */

/* Begin PBXFrameworksBuildPhase section */
		1E823A952C1CD73F0005B2FF /* Frameworks */ = {
			isa = PBXFrameworksBuildPhase;
			buildActionMask = 2147483647;
			files = (
			);
			runOnlyForDeploymentPostprocessing = 0;
		};
		1E823AAB2C1CD7470005B2FF /* Frameworks */ = {
			isa = PBXFrameworksBuildPhase;
			buildActionMask = 2147483647;
			files = (
			);
			runOnlyForDeploymentPostprocessing = 0;
		};
/* End PBXFrameworksBuildPhase section */

/* Begin PBXGroup section */
		1E823A8F2C1CD73F0005B2FF = {
			isa = PBXGroup;
			children = (
				1E823A9A2C1CD73F0005B2FF /* LBCTechnicalTest */,
				1E823AB12C1CD7470005B2FF /* LBCTechnicalTestTests */,
				1E823A992C1CD73F0005B2FF /* Products */,
			);
			sourceTree = "<group>";
		};
		1E823A992C1CD73F0005B2FF /* Products */ = {
			isa = PBXGroup;
			children = (
				1E823A982C1CD73F0005B2FF /* LBCTechnicalTest.app */,
				1E823AAE2C1CD7470005B2FF /* LBCTechnicalTestTests.xctest */,
			);
			name = Products;
			sourceTree = "<group>";
		};
		1E823A9A2C1CD73F0005B2FF /* LBCTechnicalTest */ = {
			isa = PBXGroup;
			children = (
				1E823A9B2C1CD73F0005B2FF /* AppDelegate.swift */,
				1E823A9D2C1CD73F0005B2FF /* SceneDelegate.swift */,
				1E823A9F2C1CD73F0005B2FF /* ViewController.swift */,
				1E823AA12C1CD73F0005B2FF /* Main.storyboard */,
				1E823AA42C1CD7460005B2FF /* Assets.xcassets */,
				1E823AA62C1CD7460005B2FF /* LaunchScreen.storyboard */,
				1E823AA92C1CD7460005B2FF /* Info.plist */,
			);
			path = LBCTechnicalTest;
			sourceTree = "<group>";
		};
		1E823AB12C1CD7470005B2FF /* LBCTechnicalTestTests */ = {
			isa = PBXGroup;
			children = (
				1E823AB22C1CD7470005B2FF /* LBCTechnicalTestTests.swift */,
			);
			path = LBCTechnicalTestTests;
			sourceTree = "<group>";
		};
/* End PBXGroup section */

/* Begin PBXNativeTarget section */
		1E823A972C1CD73F0005B2FF /* LBCTechnicalTest */ = {
			isa = PBXNativeTarget;
			buildConfigurationList = 1E823AC22C1CD7470005B2FF /* Build configuration list for PBXNativeTarget "LBCTechnicalTest" */;
			buildPhases = (
				1E823A942C1CD73F0005B2FF /* Sources */,
				1E823A952C1CD73F0005B2FF /* Frameworks */,
				1E823A962C1CD73F0005B2FF /* Resources */,
			);
			buildRules = (
			);
			dependencies = (
			);
			name = LBCTechnicalTest;
			productName = LBCTechnicalTest;
			productReference = 1E823A982C1CD73F0005B2FF /* LBCTechnicalTest.app */;
			productType = "com.apple.product-type.application";
		};
		1E823AAD2C1CD7470005B2FF /* LBCTechnicalTestTests */ = {
			isa = PBXNativeTarget;
			buildConfigurationList = 1E823AC52C1CD7470005B2FF /* Build configuration list for PBXNativeTarget "LBCTechnicalTestTests" */;
			buildPhases = (
				1E823AAA2C1CD7470005B2FF /* Sources */,
				1E823AAB2C1CD7470005B2FF /* Frameworks */,
				1E823AAC2C1CD7470005B2FF /* Resources */,
			);
			buildRules = (
			);
			dependencies = (
				1E823AB02C1CD7470005B2FF /* PBXTargetDependency */,
			);
			name = LBCTechnicalTestTests;
			productName = LBCTechnicalTestTests;
			productReference = 1E823AAE2C1CD7470005B2FF /* LBCTechnicalTestTests.xctest */;
			productType = "com.apple.product-type.bundle.unit-test";
		};
/* End PBXNativeTarget section */

/* Begin PBXProject section */
		1E823A902C1CD73F0005B2FF /* Project object */ = {
			isa = PBXProject;
			attributes = {
				BuildIndependentTargetsInParallel = 1;
				LastSwiftUpdateCheck = 1520;
				LastUpgradeCheck = 1520;
				TargetAttributes = {
					1E823A972C1CD73F0005B2FF = {
						CreatedOnToolsVersion = 15.2;
					};
					1E823AAD2C1CD7470005B2FF = {
						CreatedOnToolsVersion = 15.2;
						TestTargetID = 1E823A972C1CD73F0005B2FF;
					};
				};
			};
			buildConfigurationList = 1E823A932C1CD73F0005B2FF /* Build configuration list for PBXProject "LBCTechnicalTest" */;
			compatibilityVersion = "Xcode 14.0";
			developmentRegion = en;
			hasScannedForEncodings = 0;
			knownRegions = (
				en,
				Base,
			);
			mainGroup = 1E823A8F2C1CD73F0005B2FF;
			productRefGroup = 1E823A992C1CD73F0005B2FF /* Products */;
			projectDirPath = "";
			projectRoot = "";
			targets = (
				1E823A972C1CD73F0005B2FF /* LBCTechnicalTest */,
				1E823AAD2C1CD7470005B2FF /* LBCTechnicalTestTests */,
			);
		};
/* End PBXProject section */

/* Begin PBXResourcesBuildPhase section */
		1E823A962C1CD73F0005B2FF /* Resources */ = {
			isa = PBXResourcesBuildPhase;
			buildActionMask = 2147483647;
			files = (
				1E823AA82C1CD7460005B2FF /* LaunchScreen.storyboard in Resources */,
				1E823AA52C1CD7460005B2FF /* Assets.xcassets in Resources */,
				1E823AA32C1CD73F0005B2FF /* Main.storyboard in Resources */,
			);
			runOnlyForDeploymentPostprocessing = 0;
		};
		1E823AAC2C1CD7470005B2FF /* Resources */ = {
			isa = PBXResourcesBuildPhase;
			buildActionMask = 2147483647;
			files = (
			);
			runOnlyForDeploymentPostprocessing = 0;
		};
/* End PBXResourcesBuildPhase section */

/* Begin PBXSourcesBuildPhase section */
		1E823A942C1CD73F0005B2FF /* Sources */ = {
			isa = PBXSourcesBuildPhase;
			buildActionMask = 2147483647;
			files = (
				1E823AA02C1CD73F0005B2FF /* ViewController.swift in Sources */,
				1E823A9C2C1CD73F0005B2FF /* AppDelegate.swift in Sources */,
				1E823A9E2C1CD73F0005B2FF /* SceneDelegate.swift in Sources */,
			);
			runOnlyForDeploymentPostprocessing = 0;
		};
		1E823AAA2C1CD7470005B2FF /* Sources */ = {
			isa = PBXSourcesBuildPhase;
			buildActionMask = 2147483647;
			files = (
				1E823AB32C1CD7470005B2FF /* LBCTechnicalTestTests.swift in Sources */,
			);
			runOnlyForDeploymentPostprocessing = 0;
		};
/* End PBXSourcesBuildPhase section */

/* Begin PBXTargetDependency section */
		1E823AB02C1CD7470005B2FF /* PBXTargetDependency */ = {
			isa = PBXTargetDependency;
			target = 1E823A972C1CD73F0005B2FF /* LBCTechnicalTest */;
			targetProxy = 1E823AAF2C1CD7470005B2FF /* PBXContainerItemProxy */;
		};
/* End PBXTargetDependency section */

/* Begin PBXVariantGroup section */
		1E823AA12C1CD73F0005B2FF /* Main.storyboard */ = {
			isa = PBXVariantGroup;
			children = (
				1E823AA22C1CD73F0005B2FF /* Base */,
			);
			name = Main.storyboard;
			sourceTree = "<group>";
		};
		1E823AA62C1CD7460005B2FF /* LaunchScreen.storyboard */ = {
			isa = PBXVariantGroup;
			children = (
				1E823AA72C1CD7460005B2FF /* Base */,
			);
			name = LaunchScreen.storyboard;
			sourceTree = "<group>";
		};
/* End PBXVariantGroup section */

/* Begin XCBuildConfiguration section */
		1E823AC02C1CD7470005B2FF /* Debug */ = {
			isa = XCBuildConfiguration;
			buildSettings = {
				ALWAYS_SEARCH_USER_PATHS = NO;
				ASSETCATALOG_COMPILER_GENERATE_SWIFT_ASSET_SYMBOL_EXTENSIONS = YES;
				CLANG_ANALYZER_NONNULL = YES;
				CLANG_ANALYZER_NUMBER_OBJECT_CONVERSION = YES_AGGRESSIVE;
				CLANG_CXX_LANGUAGE_STANDARD = "gnu++20";
				CLANG_ENABLE_MODULES = YES;
				CLANG_ENABLE_OBJC_ARC = YES;
				CLANG_ENABLE_OBJC_WEAK = YES;
				CLANG_WARN_BLOCK_CAPTURE_AUTORELEASING = YES;
				CLANG_WARN_BOOL_CONVERSION = YES;
				CLANG_WARN_COMMA = YES;
				CLANG_WARN_CONSTANT_CONVERSION = YES;
				CLANG_WARN_DEPRECATED_OBJC_IMPLEMENTATIONS = YES;
				CLANG_WARN_DIRECT_OBJC_ISA_USAGE = YES_ERROR;
				CLANG_WARN_DOCUMENTATION_COMMENTS = YES;
				CLANG_WARN_EMPTY_BODY = YES;
				CLANG_WARN_ENUM_CONVERSION = YES;
				CLANG_WARN_INFINITE_RECURSION = YES;
				CLANG_WARN_INT_CONVERSION = YES;
				CLANG_WARN_NON_LITERAL_NULL_CONVERSION = YES;
				CLANG_WARN_OBJC_IMPLICIT_RETAIN_SELF = YES;
				CLANG_WARN_OBJC_LITERAL_CONVERSION = YES;
				CLANG_WARN_OBJC_ROOT_CLASS = YES_ERROR;
				CLANG_WARN_QUOTED_INCLUDE_IN_FRAMEWORK_HEADER = YES;
				CLANG_WARN_RANGE_LOOP_ANALYSIS = YES;
				CLANG_WARN_STRICT_PROTOTYPES = YES;
				CLANG_WARN_SUSPICIOUS_MOVE = YES;
				CLANG_WARN_UNGUARDED_AVAILABILITY = YES_AGGRESSIVE;
				CLANG_WARN_UNREACHABLE_CODE = YES;
				CLANG_WARN__DUPLICATE_METHOD_MATCH = YES;
				COPY_PHASE_STRIP = NO;
				DEBUG_INFORMATION_FORMAT = dwarf;
				ENABLE_STRICT_OBJC_MSGSEND = YES;
				ENABLE_TESTABILITY = YES;
				ENABLE_USER_SCRIPT_SANDBOXING = YES;
				GCC_C_LANGUAGE_STANDARD = gnu17;
				GCC_DYNAMIC_NO_PIC = NO;
				GCC_NO_COMMON_BLOCKS = YES;
				GCC_OPTIMIZATION_LEVEL = 0;
				GCC_PREPROCESSOR_DEFINITIONS = (
					"DEBUG=1",
					"$(inherited)",
				);
				GCC_WARN_64_TO_32_BIT_CONVERSION = YES;
				GCC_WARN_ABOUT_RETURN_TYPE = YES_ERROR;
				GCC_WARN_UNDECLARED_SELECTOR = YES;
				GCC_WARN_UNINITIALIZED_AUTOS = YES_AGGRESSIVE;
				GCC_WARN_UNUSED_FUNCTION = YES;
				GCC_WARN_UNUSED_VARIABLE = YES;
				IPHONEOS_DEPLOYMENT_TARGET = 17.2;
				LOCALIZATION_PREFERS_STRING_CATALOGS = YES;
				MTL_ENABLE_DEBUG_INFO = INCLUDE_SOURCE;
				MTL_FAST_MATH = YES;
				ONLY_ACTIVE_ARCH = YES;
				SDKROOT = iphoneos;
				SWIFT_ACTIVE_COMPILATION_CONDITIONS = "DEBUG $(inherited)";
				SWIFT_OPTIMIZATION_LEVEL = "-Onone";
			};
			name = Debug;
		};
		1E823AC12C1CD7470005B2FF /* Release */ = {
			isa = XCBuildConfiguration;
			buildSettings = {
				ALWAYS_SEARCH_USER_PATHS = NO;
				ASSETCATALOG_COMPILER_GENERATE_SWIFT_ASSET_SYMBOL_EXTENSIONS = YES;
				CLANG_ANALYZER_NONNULL = YES;
				CLANG_ANALYZER_NUMBER_OBJECT_CONVERSION = YES_AGGRESSIVE;
				CLANG_CXX_LANGUAGE_STANDARD = "gnu++20";
				CLANG_ENABLE_MODULES = YES;
				CLANG_ENABLE_OBJC_ARC = YES;
				CLANG_ENABLE_OBJC_WEAK = YES;
				CLANG_WARN_BLOCK_CAPTURE_AUTORELEASING = YES;
				CLANG_WARN_BOOL_CONVERSION = YES;
				CLANG_WARN_COMMA = YES;
				CLANG_WARN_CONSTANT_CONVERSION = YES;
				CLANG_WARN_DEPRECATED_OBJC_IMPLEMENTATIONS = YES;
				CLANG_WARN_DIRECT_OBJC_ISA_USAGE = YES_ERROR;
				CLANG_WARN_DOCUMENTATION_COMMENTS = YES;
				CLANG_WARN_EMPTY_BODY = YES;
				CLANG_WARN_ENUM_CONVERSION = YES;
				CLANG_WARN_INFINITE_RECURSION = YES;
				CLANG_WARN_INT_CONVERSION = YES;
				CLANG_WARN_NON_LITERAL_NULL_CONVERSION = YES;
				CLANG_WARN_OBJC_IMPLICIT_RETAIN_SELF = YES;
				CLANG_WARN_OBJC_LITERAL_CONVERSION = YES;
				CLANG_WARN_OBJC_ROOT_CLASS = YES_ERROR;
				CLANG_WARN_QUOTED_INCLUDE_IN_FRAMEWORK_HEADER = YES;
				CLANG_WARN_RANGE_LOOP_ANALYSIS = YES;
				CLANG_WARN_STRICT_PROTOTYPES = YES;
				CLANG_WARN_SUSPICIOUS_MOVE = YES;
				CLANG_WARN_UNGUARDED_AVAILABILITY = YES_AGGRESSIVE;
				CLANG_WARN_UNREACHABLE_CODE = YES;
				CLANG_WARN__DUPLICATE_METHOD_MATCH = YES;
				COPY_PHASE_STRIP = NO;
				DEBUG_INFORMATION_FORMAT = "dwarf-with-dsym";
				ENABLE_NS_ASSERTIONS = NO;
				ENABLE_STRICT_OBJC_MSGSEND = YES;
				ENABLE_USER_SCRIPT_SANDBOXING = YES;
				GCC_C_LANGUAGE_STANDARD = gnu17;
				GCC_NO_COMMON_BLOCKS = YES;
				GCC_WARN_64_TO_32_BIT_CONVERSION = YES;
				GCC_WARN_ABOUT_RETURN_TYPE = YES_ERROR;
				GCC_WARN_UNDECLARED_SELECTOR = YES;
				GCC_WARN_UNINITIALIZED_AUTOS = YES_AGGRESSIVE;
				GCC_WARN_UNUSED_FUNCTION = YES;
				GCC_WARN_UNUSED_VARIABLE = YES;
				IPHONEOS_DEPLOYMENT_TARGET = 17.2;
				LOCALIZATION_PREFERS_STRING_CATALOGS = YES;
				MTL_ENABLE_DEBUG_INFO = NO;
				MTL_FAST_MATH = YES;
				SDKROOT = iphoneos;
				SWIFT_COMPILATION_MODE = wholemodule;
				VALIDATE_PRODUCT = YES;
			};
			name = Release;
		};
		1E823AC32C1CD7470005B2FF /* Debug */ = {
			isa = XCBuildConfiguration;
			buildSettings = {
				ASSETCATALOG_COMPILER_APPICON_NAME = AppIcon;
				ASSETCATALOG_COMPILER_GLOBAL_ACCENT_COLOR_NAME = AccentColor;
				CODE_SIGN_STYLE = Automatic;
				CURRENT_PROJECT_VERSION = 1;
				GENERATE_INFOPLIST_FILE = YES;
				INFOPLIST_FILE = LBCTechnicalTest/Info.plist;
				INFOPLIST_KEY_UIApplicationSupportsIndirectInputEvents = YES;
				INFOPLIST_KEY_UILaunchStoryboardName = LaunchScreen;
				INFOPLIST_KEY_UIMainStoryboardFile = Main;
				INFOPLIST_KEY_UISupportedInterfaceOrientations_iPad = "UIInterfaceOrientationPortrait UIInterfaceOrientationPortraitUpsideDown UIInterfaceOrientationLandscapeLeft UIInterfaceOrientationLandscapeRight";
				INFOPLIST_KEY_UISupportedInterfaceOrientations_iPhone = "UIInterfaceOrientationPortrait UIInterfaceOrientationLandscapeLeft UIInterfaceOrientationLandscapeRight";
				LD_RUNPATH_SEARCH_PATHS = (
					"$(inherited)",
					"@executable_path/Frameworks",
				);
				MARKETING_VERSION = 1.0;
				PRODUCT_BUNDLE_IDENTIFIER = com.naderfadhl.LBCTechnicalTest;
				PRODUCT_NAME = "$(TARGET_NAME)";
				SWIFT_EMIT_LOC_STRINGS = YES;
				SWIFT_VERSION = 5.0;
				TARGETED_DEVICE_FAMILY = "1,2";
			};
			name = Debug;
		};
		1E823AC42C1CD7470005B2FF /* Release */ = {
			isa = XCBuildConfiguration;
			buildSettings = {
				ASSETCATALOG_COMPILER_APPICON_NAME = AppIcon;
				ASSETCATALOG_COMPILER_GLOBAL_ACCENT_COLOR_NAME = AccentColor;
				CODE_SIGN_STYLE = Automatic;
				CURRENT_PROJECT_VERSION = 1;
				GENERATE_INFOPLIST_FILE = YES;
				INFOPLIST_FILE = LBCTechnicalTest/Info.plist;
				INFOPLIST_KEY_UIApplicationSupportsIndirectInputEvents = YES;
				INFOPLIST_KEY_UILaunchStoryboardName = LaunchScreen;
				INFOPLIST_KEY_UIMainStoryboardFile = Main;
				INFOPLIST_KEY_UISupportedInterfaceOrientations_iPad = "UIInterfaceOrientationPortrait UIInterfaceOrientationPortraitUpsideDown UIInterfaceOrientationLandscapeLeft UIInterfaceOrientationLandscapeRight";
				INFOPLIST_KEY_UISupportedInterfaceOrientations_iPhone = "UIInterfaceOrientationPortrait UIInterfaceOrientationLandscapeLeft UIInterfaceOrientationLandscapeRight";
				LD_RUNPATH_SEARCH_PATHS = (
					"$(inherited)",
					"@executable_path/Frameworks",
				);
				MARKETING_VERSION = 1.0;
				PRODUCT_BUNDLE_IDENTIFIER = com.naderfadhl.LBCTechnicalTest;
				PRODUCT_NAME = "$(TARGET_NAME)";
				SWIFT_EMIT_LOC_STRINGS = YES;
				SWIFT_VERSION = 5.0;
				TARGETED_DEVICE_FAMILY = "1,2";
			};
			name = Release;
		};
		1E823AC62C1CD7470005B2FF /* Debug */ = {
			isa = XCBuildConfiguration;
			buildSettings = {
				ALWAYS_EMBED_SWIFT_STANDARD_LIBRARIES = YES;
				BUNDLE_LOADER = "$(TEST_HOST)";
				CODE_SIGN_STYLE = Automatic;
				CURRENT_PROJECT_VERSION = 1;
				GENERATE_INFOPLIST_FILE = YES;
				IPHONEOS_DEPLOYMENT_TARGET = 17.2;
				MARKETING_VERSION = 1.0;
				PRODUCT_BUNDLE_IDENTIFIER = com.naderfadhl.LBCTechnicalTestTests;
				PRODUCT_NAME = "$(TARGET_NAME)";
				SWIFT_EMIT_LOC_STRINGS = NO;
				SWIFT_VERSION = 5.0;
				TARGETED_DEVICE_FAMILY = "1,2";
				TEST_HOST = "$(BUILT_PRODUCTS_DIR)/LBCTechnicalTest.app/$(BUNDLE_EXECUTABLE_FOLDER_PATH)/LBCTechnicalTest";
			};
			name = Debug;
		};
		1E823AC72C1CD7470005B2FF /* Release */ = {
			isa = XCBuildConfiguration;
			buildSettings = {
				ALWAYS_EMBED_SWIFT_STANDARD_LIBRARIES = YES;
				BUNDLE_LOADER = "$(TEST_HOST)";
				CODE_SIGN_STYLE = Automatic;
				CURRENT_PROJECT_VERSION = 1;
				GENERATE_INFOPLIST_FILE = YES;
				IPHONEOS_DEPLOYMENT_TARGET = 17.2;
				MARKETING_VERSION = 1.0;
				PRODUCT_BUNDLE_IDENTIFIER = com.naderfadhl.LBCTechnicalTestTests;
				PRODUCT_NAME = "$(TARGET_NAME)";
				SWIFT_EMIT_LOC_STRINGS = NO;
				SWIFT_VERSION = 5.0;
				TARGETED_DEVICE_FAMILY = "1,2";
				TEST_HOST = "$(BUILT_PRODUCTS_DIR)/LBCTechnicalTest.app/$(BUNDLE_EXECUTABLE_FOLDER_PATH)/LBCTechnicalTest";
			};
			name = Release;
		};
/* End XCBuildConfiguration section */

/* Begin XCConfigurationList section */
		1E823A932C1CD73F0005B2FF /* Build configuration list for PBXProject "LBCTechnicalTest" */ = {
			isa = XCConfigurationList;
			buildConfigurations = (
				1E823AC02C1CD7470005B2FF /* Debug */,
				1E823AC12C1CD7470005B2FF /* Release */,
			);
			defaultConfigurationIsVisible = 0;
			defaultConfigurationName = Release;
		};
		1E823AC22C1CD7470005B2FF /* Build configuration list for PBXNativeTarget "LBCTechnicalTest" */ = {
			isa = XCConfigurationList;
			buildConfigurations = (
				1E823AC32C1CD7470005B2FF /* Debug */,
				1E823AC42C1CD7470005B2FF /* Release */,
			);
			defaultConfigurationIsVisible = 0;
			defaultConfigurationName = Release;
		};
		1E823AC52C1CD7470005B2FF /* Build configuration list for PBXNativeTarget "LBCTechnicalTestTests" */ = {
			isa = XCConfigurationList;
			buildConfigurations = (
				1E823AC62C1CD7470005B2FF /* Debug */,
				1E823AC72C1CD7470005B2FF /* Release */,
			);
			defaultConfigurationIsVisible = 0;
			defaultConfigurationName = Release;
		};
/* End XCConfigurationList section */
	};
	rootObject = 1E823A902C1CD73F0005B2FF /* Project object */;
}
