// !$*UTF8*$!
{
	archiveVersion = 1;
	classes = {
	};
	objectVersion = 56;
	objects = {

/* Begin PBXBuildFile section */
		1E823A9C2C1CD73F0005B2FF /* AppDelegate.swift in Sources */ = {isa = PBXBuildFile; fileRef = 1E823A9B2C1CD73F0005B2FF /* AppDelegate.swift */; };
		1E823A9E2C1CD73F0005B2FF /* SceneDelegate.swift in Sources */ = {isa = PBXBuildFile; fileRef = 1E823A9D2C1CD73F0005B2FF /* SceneDelegate.swift */; };
		1E823AA32C1CD73F0005B2FF /* Main.storyboard in Resources */ = {isa = PBXBuildFile; fileRef = 1E823AA12C1CD73F0005B2FF /* Main.storyboard */; };
		1E823AA52C1CD7460005B2FF /* Assets.xcassets in Resources */ = {isa = PBXBuildFile; fileRef = 1E823AA42C1CD7460005B2FF /* Assets.xcassets */; };
		1E823AA82C1CD7460005B2FF /* LaunchScreen.storyboard in Resources */ = {isa = PBXBuildFile; fileRef = 1E823AA62C1CD7460005B2FF /* LaunchScreen.storyboard */; };
		1E823AE12C1CD7CB0005B2FF /* CategoryModel.swift in Sources */ = {isa = PBXBuildFile; fileRef = 1E823ACC2C1CD7C90005B2FF /* CategoryModel.swift */; };
		1E823AE22C1CD7CB0005B2FF /* AdModel.swift in Sources */ = {isa = PBXBuildFile; fileRef = 1E823ACD2C1CD7C90005B2FF /* AdModel.swift */; };
		1E823AE32C1CD7CB0005B2FF /* CategoryDTO.swift in Sources */ = {isa = PBXBuildFile; fileRef = 1E823AD02C1CD7CA0005B2FF /* CategoryDTO.swift */; };
		1E823AE42C1CD7CB0005B2FF /* AdDTO.swift in Sources */ = {isa = PBXBuildFile; fileRef = 1E823AD12C1CD7CA0005B2FF /* AdDTO.swift */; };
		1E823AE52C1CD7CB0005B2FF /* URLsManager.swift in Sources */ = {isa = PBXBuildFile; fileRef = 1E823AD22C1CD7CA0005B2FF /* URLsManager.swift */; };
		1E823AE62C1CD7CB0005B2FF /* AdsServiceProtocol.swift in Sources */ = {isa = PBXBuildFile; fileRef = 1E823AD42C1CD7CA0005B2FF /* AdsServiceProtocol.swift */; };
		1E823AE72C1CD7CB0005B2FF /* AdsService.swift in Sources */ = {isa = PBXBuildFile; fileRef = 1E823AD52C1CD7CA0005B2FF /* AdsService.swift */; };
		1E823AE82C1CD7CB0005B2FF /* CategoriesRepository.swift in Sources */ = {isa = PBXBuildFile; fileRef = 1E823AD72C1CD7CA0005B2FF /* CategoriesRepository.swift */; };
		1E823AE92C1CD7CB0005B2FF /* CategoriesServiceProtocol.swift in Sources */ = {isa = PBXBuildFile; fileRef = 1E823AD82C1CD7CA0005B2FF /* CategoriesServiceProtocol.swift */; };
		1E823AEA2C1CD7CB0005B2FF /* CategoriesService.swift in Sources */ = {isa = PBXBuildFile; fileRef = 1E823AD92C1CD7CA0005B2FF /* CategoriesService.swift */; };
		1E823AEE2C1CD7CB0005B2FF /* String+Extension.swift in Sources */ = {isa = PBXBuildFile; fileRef = 1E823ADF2C1CD7CA0005B2FF /* String+Extension.swift */; };
		1E823AEF2C1CD7CB0005B2FF /* APIURLs.plist in Resources */ = {isa = PBXBuildFile; fileRef = 1E823AE02C1CD7CB0005B2FF /* APIURLs.plist */; };
		1E823AF42C1CD7EF0005B2FF /* NetworkClient.swift in Sources */ = {isa = PBXBuildFile; fileRef = 1E823AF12C1CD7EF0005B2FF /* NetworkClient.swift */; };
		1E823AF52C1CD7EF0005B2FF /* NetworkClientProtocol.swift in Sources */ = {isa = PBXBuildFile; fileRef = 1E823AF22C1CD7EF0005B2FF /* NetworkClientProtocol.swift */; };
		1E823AF62C1CD7EF0005B2FF /* NetworkError.swift in Sources */ = {isa = PBXBuildFile; fileRef = 1E823AF32C1CD7EF0005B2FF /* NetworkError.swift */; };
		1E823B032C1CD8750005B2FF /* AdModelTest.swift in Sources */ = {isa = PBXBuildFile; fileRef = 1E823AF82C1CD8740005B2FF /* AdModelTest.swift */; };
		1E823B042C1CD8750005B2FF /* CategoryModelTest.swift in Sources */ = {isa = PBXBuildFile; fileRef = 1E823AF92C1CD8740005B2FF /* CategoryModelTest.swift */; };
		1E823B052C1CD8750005B2FF /* MockAdsService.swift in Sources */ = {isa = PBXBuildFile; fileRef = 1E823AFC2C1CD8750005B2FF /* MockAdsService.swift */; };
		1E823B062C1CD8750005B2FF /* AdsServiceTest.swift in Sources */ = {isa = PBXBuildFile; fileRef = 1E823AFD2C1CD8750005B2FF /* AdsServiceTest.swift */; };
		1E823B072C1CD8750005B2FF /* CategoriesServiceTest.swift in Sources */ = {isa = PBXBuildFile; fileRef = 1E823AFF2C1CD8750005B2FF /* CategoriesServiceTest.swift */; };
		1E823B082C1CD8750005B2FF /* MockCategoriesService.swift in Sources */ = {isa = PBXBuildFile; fileRef = 1E823B002C1CD8750005B2FF /* MockCategoriesService.swift */; };
		1E823B092C1CD8750005B2FF /* StringExtensionTest.swift in Sources */ = {isa = PBXBuildFile; fileRef = 1E823B022C1CD8750005B2FF /* StringExtensionTest.swift */; };
		1E823B0C2C1CD9250005B2FF /* AdsListViewModel.swift in Sources */ = {isa = PBXBuildFile; fileRef = 1E823B0B2C1CD9250005B2FF /* AdsListViewModel.swift */; };
		1E823B0E2C1CD93C0005B2FF /* AdsListViewController.swift in Sources */ = {isa = PBXBuildFile; fileRef = 1E823B0D2C1CD93C0005B2FF /* AdsListViewController.swift */; };
		1E823B102C1CD94E0005B2FF /* AdViewModel.swift in Sources */ = {isa = PBXBuildFile; fileRef = 1E823B0F2C1CD94E0005B2FF /* AdViewModel.swift */; };
		1E823B122C1CD9620005B2FF /* AdTableViewCell.swift in Sources */ = {isa = PBXBuildFile; fileRef = 1E823B112C1CD9620005B2FF /* AdTableViewCell.swift */; };
		1E823B152C1CDA160005B2FF /* ImageCache.swift in Sources */ = {isa = PBXBuildFile; fileRef = 1E823B142C1CDA160005B2FF /* ImageCache.swift */; };
		1E823B192C1CDD4D0005B2FF /* AdViewModelTest.swift in Sources */ = {isa = PBXBuildFile; fileRef = 1E823B172C1CDD4D0005B2FF /* AdViewModelTest.swift */; };
		1E823B1A2C1CDD4D0005B2FF /* AdsListViewModelTest.swift in Sources */ = {isa = PBXBuildFile; fileRef = 1E823B182C1CDD4D0005B2FF /* AdsListViewModelTest.swift */; };
/* End PBXBuildFile section */

/* Begin PBXContainerItemProxy section */
		1E823AAF2C1CD7470005B2FF /* PBXContainerItemProxy */ = {
			isa = PBXContainerItemProxy;
			containerPortal = 1E823A902C1CD73F0005B2FF /* Project object */;
			proxyType = 1;
			remoteGlobalIDString = 1E823A972C1CD73F0005B2FF;
			remoteInfo = LBCTechnicalTest;
		};
/* End PBXContainerItemProxy section */

/* Begin PBXFileReference section */
		1E823A982C1CD73F0005B2FF /* LBCTechnicalTest.app */ = {isa = PBXFileReference; explicitFileType = wrapper.application; includeInIndex = 0; path = LBCTechnicalTest.app; sourceTree = BUILT_PRODUCTS_DIR; };
		1E823A9B2C1CD73F0005B2FF /* AppDelegate.swift */ = {isa = PBXFileReference; lastKnownFileType = sourcecode.swift; path = AppDelegate.swift; sourceTree = "<group>"; };
		1E823A9D2C1CD73F0005B2FF /* SceneDelegate.swift */ = {isa = PBXFileReference; lastKnownFileType = sourcecode.swift; path = SceneDelegate.swift; sourceTree = "<group>"; };
		1E823AA22C1CD73F0005B2FF /* Base */ = {isa = PBXFileReference; lastKnownFileType = file.storyboard; name = Base; path = Base.lproj/Main.storyboard; sourceTree = "<group>"; };
		1E823AA42C1CD7460005B2FF /* Assets.xcassets */ = {isa = PBXFileReference; lastKnownFileType = folder.assetcatalog; path = Assets.xcassets; sourceTree = "<group>"; };
		1E823AA72C1CD7460005B2FF /* Base */ = {isa = PBXFileReference; lastKnownFileType = file.storyboard; name = Base; path = Base.lproj/LaunchScreen.storyboard; sourceTree = "<group>"; };
		1E823AA92C1CD7460005B2FF /* Info.plist */ = {isa = PBXFileReference; lastKnownFileType = text.plist.xml; path = Info.plist; sourceTree = "<group>"; };
		1E823AAE2C1CD7470005B2FF /* LBCTechnicalTestTests.xctest */ = {isa = PBXFileReference; explicitFileType = wrapper.cfbundle; includeInIndex = 0; path = LBCTechnicalTestTests.xctest; sourceTree = BUILT_PRODUCTS_DIR; };
		1E823ACC2C1CD7C90005B2FF /* CategoryModel.swift */ = {isa = PBXFileReference; fileEncoding = 4; lastKnownFileType = sourcecode.swift; path = CategoryModel.swift; sourceTree = "<group>"; };
		1E823ACD2C1CD7C90005B2FF /* AdModel.swift */ = {isa = PBXFileReference; fileEncoding = 4; lastKnownFileType = sourcecode.swift; path = AdModel.swift; sourceTree = "<group>"; };
		1E823AD02C1CD7CA0005B2FF /* CategoryDTO.swift */ = {isa = PBXFileReference; fileEncoding = 4; lastKnownFileType = sourcecode.swift; path = CategoryDTO.swift; sourceTree = "<group>"; };
		1E823AD12C1CD7CA0005B2FF /* AdDTO.swift */ = {isa = PBXFileReference; fileEncoding = 4; lastKnownFileType = sourcecode.swift; path = AdDTO.swift; sourceTree = "<group>"; };
		1E823AD22C1CD7CA0005B2FF /* URLsManager.swift */ = {isa = PBXFileReference; fileEncoding = 4; lastKnownFileType = sourcecode.swift; path = URLsManager.swift; sourceTree = "<group>"; };
		1E823AD42C1CD7CA0005B2FF /* AdsServiceProtocol.swift */ = {isa = PBXFileReference; fileEncoding = 4; lastKnownFileType = sourcecode.swift; path = AdsServiceProtocol.swift; sourceTree = "<group>"; };
		1E823AD52C1CD7CA0005B2FF /* AdsService.swift */ = {isa = PBXFileReference; fileEncoding = 4; lastKnownFileType = sourcecode.swift; path = AdsService.swift; sourceTree = "<group>"; };
		1E823AD72C1CD7CA0005B2FF /* CategoriesRepository.swift */ = {isa = PBXFileReference; fileEncoding = 4; lastKnownFileType = sourcecode.swift; path = CategoriesRepository.swift; sourceTree = "<group>"; };
		1E823AD82C1CD7CA0005B2FF /* CategoriesServiceProtocol.swift */ = {isa = PBXFileReference; fileEncoding = 4; lastKnownFileType = sourcecode.swift; path = CategoriesServiceProtocol.swift; sourceTree = "<group>"; };
		1E823AD92C1CD7CA0005B2FF /* CategoriesService.swift */ = {isa = PBXFileReference; fileEncoding = 4; lastKnownFileType = sourcecode.swift; path = CategoriesService.swift; sourceTree = "<group>"; };
		1E823ADF2C1CD7CA0005B2FF /* String+Extension.swift */ = {isa = PBXFileReference; fileEncoding = 4; lastKnownFileType = sourcecode.swift; path = "String+Extension.swift"; sourceTree = "<group>"; };
		1E823AE02C1CD7CB0005B2FF /* APIURLs.plist */ = {isa = PBXFileReference; fileEncoding = 4; lastKnownFileType = text.plist.xml; path = APIURLs.plist; sourceTree = "<group>"; };
		1E823AF12C1CD7EF0005B2FF /* NetworkClient.swift */ = {isa = PBXFileReference; fileEncoding = 4; lastKnownFileType = sourcecode.swift; path = NetworkClient.swift; sourceTree = "<group>"; };
		1E823AF22C1CD7EF0005B2FF /* NetworkClientProtocol.swift */ = {isa = PBXFileReference; fileEncoding = 4; lastKnownFileType = sourcecode.swift; path = NetworkClientProtocol.swift; sourceTree = "<group>"; };
		1E823AF32C1CD7EF0005B2FF /* NetworkError.swift */ = {isa = PBXFileReference; fileEncoding = 4; lastKnownFileType = sourcecode.swift; path = NetworkError.swift; sourceTree = "<group>"; };
		1E823AF82C1CD8740005B2FF /* AdModelTest.swift */ = {isa = PBXFileReference; fileEncoding = 4; lastKnownFileType = sourcecode.swift; path = AdModelTest.swift; sourceTree = "<group>"; };
		1E823AF92C1CD8740005B2FF /* CategoryModelTest.swift */ = {isa = PBXFileReference; fileEncoding = 4; lastKnownFileType = sourcecode.swift; path = CategoryModelTest.swift; sourceTree = "<group>"; };
		1E823AFC2C1CD8750005B2FF /* MockAdsService.swift */ = {isa = PBXFileReference; fileEncoding = 4; lastKnownFileType = sourcecode.swift; path = MockAdsService.swift; sourceTree = "<group>"; };
		1E823AFD2C1CD8750005B2FF /* AdsServiceTest.swift */ = {isa = PBXFileReference; fileEncoding = 4; lastKnownFileType = sourcecode.swift; path = AdsServiceTest.swift; sourceTree = "<group>"; };
		1E823AFF2C1CD8750005B2FF /* CategoriesServiceTest.swift */ = {isa = PBXFileReference; fileEncoding = 4; lastKnownFileType = sourcecode.swift; path = CategoriesServiceTest.swift; sourceTree = "<group>"; };
		1E823B002C1CD8750005B2FF /* MockCategoriesService.swift */ = {isa = PBXFileReference; fileEncoding = 4; lastKnownFileType = sourcecode.swift; path = MockCategoriesService.swift; sourceTree = "<group>"; };
		1E823B022C1CD8750005B2FF /* StringExtensionTest.swift */ = {isa = PBXFileReference; fileEncoding = 4; lastKnownFileType = sourcecode.swift; path = StringExtensionTest.swift; sourceTree = "<group>"; };
		1E823B0B2C1CD9250005B2FF /* AdsListViewModel.swift */ = {isa = PBXFileReference; lastKnownFileType = sourcecode.swift; path = AdsListViewModel.swift; sourceTree = "<group>"; };
		1E823B0D2C1CD93C0005B2FF /* AdsListViewController.swift */ = {isa = PBXFileReference; lastKnownFileType = sourcecode.swift; path = AdsListViewController.swift; sourceTree = "<group>"; };
		1E823B0F2C1CD94E0005B2FF /* AdViewModel.swift */ = {isa = PBXFileReference; lastKnownFileType = sourcecode.swift; path = AdViewModel.swift; sourceTree = "<group>"; };
		1E823B112C1CD9620005B2FF /* AdTableViewCell.swift */ = {isa = PBXFileReference; lastKnownFileType = sourcecode.swift; path = AdTableViewCell.swift; sourceTree = "<group>"; };
		1E823B142C1CDA160005B2FF /* ImageCache.swift */ = {isa = PBXFileReference; lastKnownFileType = sourcecode.swift; path = ImageCache.swift; sourceTree = "<group>"; };
		1E823B172C1CDD4D0005B2FF /* AdViewModelTest.swift */ = {isa = PBXFileReference; fileEncoding = 4; lastKnownFileType = sourcecode.swift; path = AdViewModelTest.swift; sourceTree = "<group>"; };
		1E823B182C1CDD4D0005B2FF /* AdsListViewModelTest.swift */ = {isa = PBXFileReference; fileEncoding = 4; lastKnownFileType = sourcecode.swift; path = AdsListViewModelTest.swift; sourceTree = "<group>"; };
/* End PBXFileReference section */

/* Begin PBXFrameworksBuildPhase section */
		1E823A952C1CD73F0005B2FF /* Frameworks */ = {
			isa = PBXFrameworksBuildPhase;
			buildActionMask = 2147483647;
			files = (
			);
			runOnlyForDeploymentPostprocessing = 0;
		};
		1E823AAB2C1CD7470005B2FF /* Frameworks */ = {
			isa = PBXFrameworksBuildPhase;
			buildActionMask = 2147483647;
			files = (
			);
			runOnlyForDeploymentPostprocessing = 0;
		};
/* End PBXFrameworksBuildPhase section */

/* Begin PBXGroup section */
		1E823A8F2C1CD73F0005B2FF = {
			isa = PBXGroup;
			children = (
				1E823A9A2C1CD73F0005B2FF /* LBCTechnicalTest */,
				1E823AB12C1CD7470005B2FF /* LBCTechnicalTestTests */,
				1E823A992C1CD73F0005B2FF /* Products */,
			);
			sourceTree = "<group>";
		};
		1E823A992C1CD73F0005B2FF /* Products */ = {
			isa = PBXGroup;
			children = (
				1E823A982C1CD73F0005B2FF /* LBCTechnicalTest.app */,
				1E823AAE2C1CD7470005B2FF /* LBCTechnicalTestTests.xctest */,
			);
			name = Products;
			sourceTree = "<group>";
		};
		1E823A9A2C1CD73F0005B2FF /* LBCTechnicalTest */ = {
			isa = PBXGroup;
			children = (
				1E823B132C1CD9F30005B2FF /* Utils */,
				1E823B0A2C1CD90F0005B2FF /* Ads */,
				1E823AF02C1CD7EF0005B2FF /* Network */,
				1E823ACE2C1CD7CA0005B2FF /* Service */,
				1E823ACB2C1CD7C90005B2FF /* Model */,
				1E823ADE2C1CD7CA0005B2FF /* Extensions */,
				1E823A9B2C1CD73F0005B2FF /* AppDelegate.swift */,
				1E823A9D2C1CD73F0005B2FF /* SceneDelegate.swift */,
				1E823AA12C1CD73F0005B2FF /* Main.storyboard */,
				1E823AA42C1CD7460005B2FF /* Assets.xcassets */,
				1E823AA62C1CD7460005B2FF /* LaunchScreen.storyboard */,
				1E823AE02C1CD7CB0005B2FF /* APIURLs.plist */,
				1E823AA92C1CD7460005B2FF /* Info.plist */,
			);
			path = LBCTechnicalTest;
			sourceTree = "<group>";
		};
		1E823AB12C1CD7470005B2FF /* LBCTechnicalTestTests */ = {
			isa = PBXGroup;
			children = (
				1E823AFA2C1CD8750005B2FF /* Service */,
				1E823AF72C1CD8740005B2FF /* Models */,
				1E823B162C1CDD4D0005B2FF /* AdsList */,
				1E823B012C1CD8750005B2FF /* Extension */,
			);
			path = LBCTechnicalTestTests;
			sourceTree = "<group>";
		};
		1E823ACB2C1CD7C90005B2FF /* Model */ = {
			isa = PBXGroup;
			children = (
				1E823ACC2C1CD7C90005B2FF /* CategoryModel.swift */,
				1E823ACD2C1CD7C90005B2FF /* AdModel.swift */,
			);
			path = Model;
			sourceTree = "<group>";
		};
		1E823ACE2C1CD7CA0005B2FF /* Service */ = {
			isa = PBXGroup;
			children = (
				1E823ACF2C1CD7CA0005B2FF /* DTO */,
				1E823AD32C1CD7CA0005B2FF /* AdsService */,
				1E823AD62C1CD7CA0005B2FF /* CategoriesService */,
				1E823AD22C1CD7CA0005B2FF /* URLsManager.swift */,
			);
			path = Service;
			sourceTree = "<group>";
		};
		1E823ACF2C1CD7CA0005B2FF /* DTO */ = {
			isa = PBXGroup;
			children = (
				1E823AD02C1CD7CA0005B2FF /* CategoryDTO.swift */,
				1E823AD12C1CD7CA0005B2FF /* AdDTO.swift */,
			);
			path = DTO;
			sourceTree = "<group>";
		};
		1E823AD32C1CD7CA0005B2FF /* AdsService */ = {
			isa = PBXGroup;
			children = (
				1E823AD42C1CD7CA0005B2FF /* AdsServiceProtocol.swift */,
				1E823AD52C1CD7CA0005B2FF /* AdsService.swift */,
			);
			path = AdsService;
			sourceTree = "<group>";
		};
		1E823AD62C1CD7CA0005B2FF /* CategoriesService */ = {
			isa = PBXGroup;
			children = (
				1E823AD72C1CD7CA0005B2FF /* CategoriesRepository.swift */,
				1E823AD82C1CD7CA0005B2FF /* CategoriesServiceProtocol.swift */,
				1E823AD92C1CD7CA0005B2FF /* CategoriesService.swift */,
			);
			path = CategoriesService;
			sourceTree = "<group>";
		};
		1E823ADE2C1CD7CA0005B2FF /* Extensions */ = {
			isa = PBXGroup;
			children = (
				1E823ADF2C1CD7CA0005B2FF /* String+Extension.swift */,
			);
			path = Extensions;
			sourceTree = "<group>";
		};
		1E823AF02C1CD7EF0005B2FF /* Network */ = {
			isa = PBXGroup;
			children = (
				1E823AF12C1CD7EF0005B2FF /* NetworkClient.swift */,
				1E823AF22C1CD7EF0005B2FF /* NetworkClientProtocol.swift */,
				1E823AF32C1CD7EF0005B2FF /* NetworkError.swift */,
			);
			path = Network;
			sourceTree = "<group>";
		};
		1E823AF72C1CD8740005B2FF /* Models */ = {
			isa = PBXGroup;
			children = (
				1E823AF82C1CD8740005B2FF /* AdModelTest.swift */,
				1E823AF92C1CD8740005B2FF /* CategoryModelTest.swift */,
			);
			path = Models;
			sourceTree = "<group>";
		};
		1E823AFA2C1CD8750005B2FF /* Service */ = {
			isa = PBXGroup;
			children = (
				1E823AFB2C1CD8750005B2FF /* AdsService */,
				1E823AFE2C1CD8750005B2FF /* CategoriesService */,
			);
			path = Service;
			sourceTree = "<group>";
		};
		1E823AFB2C1CD8750005B2FF /* AdsService */ = {
			isa = PBXGroup;
			children = (
				1E823AFC2C1CD8750005B2FF /* MockAdsService.swift */,
				1E823AFD2C1CD8750005B2FF /* AdsServiceTest.swift */,
			);
			path = AdsService;
			sourceTree = "<group>";
		};
		1E823AFE2C1CD8750005B2FF /* CategoriesService */ = {
			isa = PBXGroup;
			children = (
				1E823AFF2C1CD8750005B2FF /* CategoriesServiceTest.swift */,
				1E823B002C1CD8750005B2FF /* MockCategoriesService.swift */,
			);
			path = CategoriesService;
			sourceTree = "<group>";
		};
		1E823B012C1CD8750005B2FF /* Extension */ = {
			isa = PBXGroup;
			children = (
				1E823B022C1CD8750005B2FF /* StringExtensionTest.swift */,
			);
			path = Extension;
			sourceTree = "<group>";
		};
		1E823B0A2C1CD90F0005B2FF /* Ads */ = {
			isa = PBXGroup;
			children = (
				1E823B0B2C1CD9250005B2FF /* AdsListViewModel.swift */,
				1E823B0D2C1CD93C0005B2FF /* AdsListViewController.swift */,
				1E823B0F2C1CD94E0005B2FF /* AdViewModel.swift */,
				1E823B112C1CD9620005B2FF /* AdTableViewCell.swift */,
			);
			path = Ads;
			sourceTree = "<group>";
		};
		1E823B132C1CD9F30005B2FF /* Utils */ = {
			isa = PBXGroup;
			children = (
				1E823B142C1CDA160005B2FF /* ImageCache.swift */,
			);
			path = Utils;
			sourceTree = "<group>";
		};
		1E823B162C1CDD4D0005B2FF /* AdsList */ = {
			isa = PBXGroup;
			children = (
				1E823B172C1CDD4D0005B2FF /* AdViewModelTest.swift */,
				1E823B182C1CDD4D0005B2FF /* AdsListViewModelTest.swift */,
			);
			path = AdsList;
			sourceTree = "<group>";
		};
/* End PBXGroup section */

/* Begin PBXNativeTarget section */
		1E823A972C1CD73F0005B2FF /* LBCTechnicalTest */ = {
			isa = PBXNativeTarget;
			buildConfigurationList = 1E823AC22C1CD7470005B2FF /* Build configuration list for PBXNativeTarget "LBCTechnicalTest" */;
			buildPhases = (
				1E823A942C1CD73F0005B2FF /* Sources */,
				1E823A952C1CD73F0005B2FF /* Frameworks */,
				1E823A962C1CD73F0005B2FF /* Resources */,
			);
			buildRules = (
			);
			dependencies = (
			);
			name = LBCTechnicalTest;
			productName = LBCTechnicalTest;
			productReference = 1E823A982C1CD73F0005B2FF /* LBCTechnicalTest.app */;
			productType = "com.apple.product-type.application";
		};
		1E823AAD2C1CD7470005B2FF /* LBCTechnicalTestTests */ = {
			isa = PBXNativeTarget;
			buildConfigurationList = 1E823AC52C1CD7470005B2FF /* Build configuration list for PBXNativeTarget "LBCTechnicalTestTests" */;
			buildPhases = (
				1E823AAA2C1CD7470005B2FF /* Sources */,
				1E823AAB2C1CD7470005B2FF /* Frameworks */,
				1E823AAC2C1CD7470005B2FF /* Resources */,
			);
			buildRules = (
			);
			dependencies = (
				1E823AB02C1CD7470005B2FF /* PBXTargetDependency */,
			);
			name = LBCTechnicalTestTests;
			productName = LBCTechnicalTestTests;
			productReference = 1E823AAE2C1CD7470005B2FF /* LBCTechnicalTestTests.xctest */;
			productType = "com.apple.product-type.bundle.unit-test";
		};
/* End PBXNativeTarget section */

/* Begin PBXProject section */
		1E823A902C1CD73F0005B2FF /* Project object */ = {
			isa = PBXProject;
			attributes = {
				BuildIndependentTargetsInParallel = 1;
				LastSwiftUpdateCheck = 1520;
				LastUpgradeCheck = 1520;
				TargetAttributes = {
					1E823A972C1CD73F0005B2FF = {
						CreatedOnToolsVersion = 15.2;
					};
					1E823AAD2C1CD7470005B2FF = {
						CreatedOnToolsVersion = 15.2;
						TestTargetID = 1E823A972C1CD73F0005B2FF;
					};
				};
			};
			buildConfigurationList = 1E823A932C1CD73F0005B2FF /* Build configuration list for PBXProject "LBCTechnicalTest" */;
			compatibilityVersion = "Xcode 14.0";
			developmentRegion = en;
			hasScannedForEncodings = 0;
			knownRegions = (
				en,
				Base,
			);
			mainGroup = 1E823A8F2C1CD73F0005B2FF;
			productRefGroup = 1E823A992C1CD73F0005B2FF /* Products */;
			projectDirPath = "";
			projectRoot = "";
			targets = (
				1E823A972C1CD73F0005B2FF /* LBCTechnicalTest */,
				1E823AAD2C1CD7470005B2FF /* LBCTechnicalTestTests */,
			);
		};
/* End PBXProject section */

/* Begin PBXResourcesBuildPhase section */
		1E823A962C1CD73F0005B2FF /* Resources */ = {
			isa = PBXResourcesBuildPhase;
			buildActionMask = 2147483647;
			files = (
				1E823AA82C1CD7460005B2FF /* LaunchScreen.storyboard in Resources */,
				1E823AA52C1CD7460005B2FF /* Assets.xcassets in Resources */,
				1E823AA32C1CD73F0005B2FF /* Main.storyboard in Resources */,
				1E823AEF2C1CD7CB0005B2FF /* APIURLs.plist in Resources */,
			);
			runOnlyForDeploymentPostprocessing = 0;
		};
		1E823AAC2C1CD7470005B2FF /* Resources */ = {
			isa = PBXResourcesBuildPhase;
			buildActionMask = 2147483647;
			files = (
			);
			runOnlyForDeploymentPostprocessing = 0;
		};
/* End PBXResourcesBuildPhase section */

/* Begin PBXSourcesBuildPhase section */
		1E823A942C1CD73F0005B2FF /* Sources */ = {
			isa = PBXSourcesBuildPhase;
			buildActionMask = 2147483647;
			files = (
				1E823B152C1CDA160005B2FF /* ImageCache.swift in Sources */,
				1E823AE12C1CD7CB0005B2FF /* CategoryModel.swift in Sources */,
				1E823A9C2C1CD73F0005B2FF /* AppDelegate.swift in Sources */,
				1E823AE92C1CD7CB0005B2FF /* CategoriesServiceProtocol.swift in Sources */,
				1E823B0E2C1CD93C0005B2FF /* AdsListViewController.swift in Sources */,
				1E823B102C1CD94E0005B2FF /* AdViewModel.swift in Sources */,
				1E823B122C1CD9620005B2FF /* AdTableViewCell.swift in Sources */,
				1E823AF42C1CD7EF0005B2FF /* NetworkClient.swift in Sources */,
				1E823A9E2C1CD73F0005B2FF /* SceneDelegate.swift in Sources */,
				1E823AE22C1CD7CB0005B2FF /* AdModel.swift in Sources */,
				1E823B0C2C1CD9250005B2FF /* AdsListViewModel.swift in Sources */,
				1E823AE62C1CD7CB0005B2FF /* AdsServiceProtocol.swift in Sources */,
				1E823AF62C1CD7EF0005B2FF /* NetworkError.swift in Sources */,
				1E823AEE2C1CD7CB0005B2FF /* String+Extension.swift in Sources */,
				1E823AF52C1CD7EF0005B2FF /* NetworkClientProtocol.swift in Sources */,
				1E823AE72C1CD7CB0005B2FF /* AdsService.swift in Sources */,
				1E823AE52C1CD7CB0005B2FF /* URLsManager.swift in Sources */,
				1E823AE82C1CD7CB0005B2FF /* CategoriesRepository.swift in Sources */,
				1E823AEA2C1CD7CB0005B2FF /* CategoriesService.swift in Sources */,
				1E823AE42C1CD7CB0005B2FF /* AdDTO.swift in Sources */,
				1E823AE32C1CD7CB0005B2FF /* CategoryDTO.swift in Sources */,
			);
			runOnlyForDeploymentPostprocessing = 0;
		};
		1E823AAA2C1CD7470005B2FF /* Sources */ = {
			isa = PBXSourcesBuildPhase;
			buildActionMask = 2147483647;
			files = (
				1E823B092C1CD8750005B2FF /* StringExtensionTest.swift in Sources */,
				1E823B192C1CDD4D0005B2FF /* AdViewModelTest.swift in Sources */,
				1E823B1A2C1CDD4D0005B2FF /* AdsListViewModelTest.swift in Sources */,
				1E823B082C1CD8750005B2FF /* MockCategoriesService.swift in Sources */,
				1E823B042C1CD8750005B2FF /* CategoryModelTest.swift in Sources */,
				1E823B032C1CD8750005B2FF /* AdModelTest.swift in Sources */,
				1E823B062C1CD8750005B2FF /* AdsServiceTest.swift in Sources */,
				1E823B052C1CD8750005B2FF /* MockAdsService.swift in Sources */,
				1E823B072C1CD8750005B2FF /* CategoriesServiceTest.swift in Sources */,
			);
			runOnlyForDeploymentPostprocessing = 0;
		};
/* End PBXSourcesBuildPhase section */

/* Begin PBXTargetDependency section */
		1E823AB02C1CD7470005B2FF /* PBXTargetDependency */ = {
			isa = PBXTargetDependency;
			target = 1E823A972C1CD73F0005B2FF /* LBCTechnicalTest */;
			targetProxy = 1E823AAF2C1CD7470005B2FF /* PBXContainerItemProxy */;
		};
/* End PBXTargetDependency section */

/* Begin PBXVariantGroup section */
		1E823AA12C1CD73F0005B2FF /* Main.storyboard */ = {
			isa = PBXVariantGroup;
			children = (
				1E823AA22C1CD73F0005B2FF /* Base */,
			);
			name = Main.storyboard;
			sourceTree = "<group>";
		};
		1E823AA62C1CD7460005B2FF /* LaunchScreen.storyboard */ = {
			isa = PBXVariantGroup;
			children = (
				1E823AA72C1CD7460005B2FF /* Base */,
			);
			name = LaunchScreen.storyboard;
			sourceTree = "<group>";
		};
/* End PBXVariantGroup section */

/* Begin XCBuildConfiguration section */
		1E823AC02C1CD7470005B2FF /* Debug */ = {
			isa = XCBuildConfiguration;
			buildSettings = {
				ALWAYS_SEARCH_USER_PATHS = NO;
				ASSETCATALOG_COMPILER_GENERATE_SWIFT_ASSET_SYMBOL_EXTENSIONS = YES;
				CLANG_ANALYZER_NONNULL = YES;
				CLANG_ANALYZER_NUMBER_OBJECT_CONVERSION = YES_AGGRESSIVE;
				CLANG_CXX_LANGUAGE_STANDARD = "gnu++20";
				CLANG_ENABLE_MODULES = YES;
				CLANG_ENABLE_OBJC_ARC = YES;
				CLANG_ENABLE_OBJC_WEAK = YES;
				CLANG_WARN_BLOCK_CAPTURE_AUTORELEASING = YES;
				CLANG_WARN_BOOL_CONVERSION = YES;
				CLANG_WARN_COMMA = YES;
				CLANG_WARN_CONSTANT_CONVERSION = YES;
				CLANG_WARN_DEPRECATED_OBJC_IMPLEMENTATIONS = YES;
				CLANG_WARN_DIRECT_OBJC_ISA_USAGE = YES_ERROR;
				CLANG_WARN_DOCUMENTATION_COMMENTS = YES;
				CLANG_WARN_EMPTY_BODY = YES;
				CLANG_WARN_ENUM_CONVERSION = YES;
				CLANG_WARN_INFINITE_RECURSION = YES;
				CLANG_WARN_INT_CONVERSION = YES;
				CLANG_WARN_NON_LITERAL_NULL_CONVERSION = YES;
				CLANG_WARN_OBJC_IMPLICIT_RETAIN_SELF = YES;
				CLANG_WARN_OBJC_LITERAL_CONVERSION = YES;
				CLANG_WARN_OBJC_ROOT_CLASS = YES_ERROR;
				CLANG_WARN_QUOTED_INCLUDE_IN_FRAMEWORK_HEADER = YES;
				CLANG_WARN_RANGE_LOOP_ANALYSIS = YES;
				CLANG_WARN_STRICT_PROTOTYPES = YES;
				CLANG_WARN_SUSPICIOUS_MOVE = YES;
				CLANG_WARN_UNGUARDED_AVAILABILITY = YES_AGGRESSIVE;
				CLANG_WARN_UNREACHABLE_CODE = YES;
				CLANG_WARN__DUPLICATE_METHOD_MATCH = YES;
				COPY_PHASE_STRIP = NO;
				DEBUG_INFORMATION_FORMAT = dwarf;
				ENABLE_STRICT_OBJC_MSGSEND = YES;
				ENABLE_TESTABILITY = YES;
				ENABLE_USER_SCRIPT_SANDBOXING = YES;
				GCC_C_LANGUAGE_STANDARD = gnu17;
				GCC_DYNAMIC_NO_PIC = NO;
				GCC_NO_COMMON_BLOCKS = YES;
				GCC_OPTIMIZATION_LEVEL = 0;
				GCC_PREPROCESSOR_DEFINITIONS = (
					"DEBUG=1",
					"$(inherited)",
				);
				GCC_WARN_64_TO_32_BIT_CONVERSION = YES;
				GCC_WARN_ABOUT_RETURN_TYPE = YES_ERROR;
				GCC_WARN_UNDECLARED_SELECTOR = YES;
				GCC_WARN_UNINITIALIZED_AUTOS = YES_AGGRESSIVE;
				GCC_WARN_UNUSED_FUNCTION = YES;
				GCC_WARN_UNUSED_VARIABLE = YES;
				IPHONEOS_DEPLOYMENT_TARGET = 17.2;
				LOCALIZATION_PREFERS_STRING_CATALOGS = YES;
				MTL_ENABLE_DEBUG_INFO = INCLUDE_SOURCE;
				MTL_FAST_MATH = YES;
				ONLY_ACTIVE_ARCH = YES;
				SDKROOT = iphoneos;
				SWIFT_ACTIVE_COMPILATION_CONDITIONS = "DEBUG $(inherited)";
				SWIFT_OPTIMIZATION_LEVEL = "-Onone";
			};
			name = Debug;
		};
		1E823AC12C1CD7470005B2FF /* Release */ = {
			isa = XCBuildConfiguration;
			buildSettings = {
				ALWAYS_SEARCH_USER_PATHS = NO;
				ASSETCATALOG_COMPILER_GENERATE_SWIFT_ASSET_SYMBOL_EXTENSIONS = YES;
				CLANG_ANALYZER_NONNULL = YES;
				CLANG_ANALYZER_NUMBER_OBJECT_CONVERSION = YES_AGGRESSIVE;
				CLANG_CXX_LANGUAGE_STANDARD = "gnu++20";
				CLANG_ENABLE_MODULES = YES;
				CLANG_ENABLE_OBJC_ARC = YES;
				CLANG_ENABLE_OBJC_WEAK = YES;
				CLANG_WARN_BLOCK_CAPTURE_AUTORELEASING = YES;
				CLANG_WARN_BOOL_CONVERSION = YES;
				CLANG_WARN_COMMA = YES;
				CLANG_WARN_CONSTANT_CONVERSION = YES;
				CLANG_WARN_DEPRECATED_OBJC_IMPLEMENTATIONS = YES;
				CLANG_WARN_DIRECT_OBJC_ISA_USAGE = YES_ERROR;
				CLANG_WARN_DOCUMENTATION_COMMENTS = YES;
				CLANG_WARN_EMPTY_BODY = YES;
				CLANG_WARN_ENUM_CONVERSION = YES;
				CLANG_WARN_INFINITE_RECURSION = YES;
				CLANG_WARN_INT_CONVERSION = YES;
				CLANG_WARN_NON_LITERAL_NULL_CONVERSION = YES;
				CLANG_WARN_OBJC_IMPLICIT_RETAIN_SELF = YES;
				CLANG_WARN_OBJC_LITERAL_CONVERSION = YES;
				CLANG_WARN_OBJC_ROOT_CLASS = YES_ERROR;
				CLANG_WARN_QUOTED_INCLUDE_IN_FRAMEWORK_HEADER = YES;
				CLANG_WARN_RANGE_LOOP_ANALYSIS = YES;
				CLANG_WARN_STRICT_PROTOTYPES = YES;
				CLANG_WARN_SUSPICIOUS_MOVE = YES;
				CLANG_WARN_UNGUARDED_AVAILABILITY = YES_AGGRESSIVE;
				CLANG_WARN_UNREACHABLE_CODE = YES;
				CLANG_WARN__DUPLICATE_METHOD_MATCH = YES;
				COPY_PHASE_STRIP = NO;
				DEBUG_INFORMATION_FORMAT = "dwarf-with-dsym";
				ENABLE_NS_ASSERTIONS = NO;
				ENABLE_STRICT_OBJC_MSGSEND = YES;
				ENABLE_USER_SCRIPT_SANDBOXING = YES;
				GCC_C_LANGUAGE_STANDARD = gnu17;
				GCC_NO_COMMON_BLOCKS = YES;
				GCC_WARN_64_TO_32_BIT_CONVERSION = YES;
				GCC_WARN_ABOUT_RETURN_TYPE = YES_ERROR;
				GCC_WARN_UNDECLARED_SELECTOR = YES;
				GCC_WARN_UNINITIALIZED_AUTOS = YES_AGGRESSIVE;
				GCC_WARN_UNUSED_FUNCTION = YES;
				GCC_WARN_UNUSED_VARIABLE = YES;
				IPHONEOS_DEPLOYMENT_TARGET = 17.2;
				LOCALIZATION_PREFERS_STRING_CATALOGS = YES;
				MTL_ENABLE_DEBUG_INFO = NO;
				MTL_FAST_MATH = YES;
				SDKROOT = iphoneos;
				SWIFT_COMPILATION_MODE = wholemodule;
				VALIDATE_PRODUCT = YES;
			};
			name = Release;
		};
		1E823AC32C1CD7470005B2FF /* Debug */ = {
			isa = XCBuildConfiguration;
			buildSettings = {
				ASSETCATALOG_COMPILER_APPICON_NAME = AppIcon;
				ASSETCATALOG_COMPILER_GLOBAL_ACCENT_COLOR_NAME = AccentColor;
				CODE_SIGN_STYLE = Automatic;
				CURRENT_PROJECT_VERSION = 1;
				GENERATE_INFOPLIST_FILE = YES;
				INFOPLIST_FILE = LBCTechnicalTest/Info.plist;
				INFOPLIST_KEY_UIApplicationSupportsIndirectInputEvents = YES;
				INFOPLIST_KEY_UILaunchStoryboardName = LaunchScreen;
				INFOPLIST_KEY_UIMainStoryboardFile = Main;
				INFOPLIST_KEY_UISupportedInterfaceOrientations_iPad = "UIInterfaceOrientationPortrait UIInterfaceOrientationPortraitUpsideDown UIInterfaceOrientationLandscapeLeft UIInterfaceOrientationLandscapeRight";
				INFOPLIST_KEY_UISupportedInterfaceOrientations_iPhone = "UIInterfaceOrientationPortrait UIInterfaceOrientationLandscapeLeft UIInterfaceOrientationLandscapeRight";
				LD_RUNPATH_SEARCH_PATHS = (
					"$(inherited)",
					"@executable_path/Frameworks",
				);
				MARKETING_VERSION = 1.0;
				PRODUCT_BUNDLE_IDENTIFIER = com.naderfadhl.LBCTechnicalTest;
				PRODUCT_NAME = "$(TARGET_NAME)";
				SWIFT_EMIT_LOC_STRINGS = YES;
				SWIFT_VERSION = 5.0;
				TARGETED_DEVICE_FAMILY = "1,2";
			};
			name = Debug;
		};
		1E823AC42C1CD7470005B2FF /* Release */ = {
			isa = XCBuildConfiguration;
			buildSettings = {
				ASSETCATALOG_COMPILER_APPICON_NAME = AppIcon;
				ASSETCATALOG_COMPILER_GLOBAL_ACCENT_COLOR_NAME = AccentColor;
				CODE_SIGN_STYLE = Automatic;
				CURRENT_PROJECT_VERSION = 1;
				GENERATE_INFOPLIST_FILE = YES;
				INFOPLIST_FILE = LBCTechnicalTest/Info.plist;
				INFOPLIST_KEY_UIApplicationSupportsIndirectInputEvents = YES;
				INFOPLIST_KEY_UILaunchStoryboardName = LaunchScreen;
				INFOPLIST_KEY_UIMainStoryboardFile = Main;
				INFOPLIST_KEY_UISupportedInterfaceOrientations_iPad = "UIInterfaceOrientationPortrait UIInterfaceOrientationPortraitUpsideDown UIInterfaceOrientationLandscapeLeft UIInterfaceOrientationLandscapeRight";
				INFOPLIST_KEY_UISupportedInterfaceOrientations_iPhone = "UIInterfaceOrientationPortrait UIInterfaceOrientationLandscapeLeft UIInterfaceOrientationLandscapeRight";
				LD_RUNPATH_SEARCH_PATHS = (
					"$(inherited)",
					"@executable_path/Frameworks",
				);
				MARKETING_VERSION = 1.0;
				PRODUCT_BUNDLE_IDENTIFIER = com.naderfadhl.LBCTechnicalTest;
				PRODUCT_NAME = "$(TARGET_NAME)";
				SWIFT_EMIT_LOC_STRINGS = YES;
				SWIFT_VERSION = 5.0;
				TARGETED_DEVICE_FAMILY = "1,2";
			};
			name = Release;
		};
		1E823AC62C1CD7470005B2FF /* Debug */ = {
			isa = XCBuildConfiguration;
			buildSettings = {
				ALWAYS_EMBED_SWIFT_STANDARD_LIBRARIES = YES;
				BUNDLE_LOADER = "$(TEST_HOST)";
				CODE_SIGN_STYLE = Automatic;
				CURRENT_PROJECT_VERSION = 1;
				GENERATE_INFOPLIST_FILE = YES;
				IPHONEOS_DEPLOYMENT_TARGET = 17.2;
				MARKETING_VERSION = 1.0;
				PRODUCT_BUNDLE_IDENTIFIER = com.naderfadhl.LBCTechnicalTestTests;
				PRODUCT_NAME = "$(TARGET_NAME)";
				SWIFT_EMIT_LOC_STRINGS = NO;
				SWIFT_VERSION = 5.0;
				TARGETED_DEVICE_FAMILY = "1,2";
				TEST_HOST = "$(BUILT_PRODUCTS_DIR)/LBCTechnicalTest.app/$(BUNDLE_EXECUTABLE_FOLDER_PATH)/LBCTechnicalTest";
			};
			name = Debug;
		};
		1E823AC72C1CD7470005B2FF /* Release */ = {
			isa = XCBuildConfiguration;
			buildSettings = {
				ALWAYS_EMBED_SWIFT_STANDARD_LIBRARIES = YES;
				BUNDLE_LOADER = "$(TEST_HOST)";
				CODE_SIGN_STYLE = Automatic;
				CURRENT_PROJECT_VERSION = 1;
				GENERATE_INFOPLIST_FILE = YES;
				IPHONEOS_DEPLOYMENT_TARGET = 17.2;
				MARKETING_VERSION = 1.0;
				PRODUCT_BUNDLE_IDENTIFIER = com.naderfadhl.LBCTechnicalTestTests;
				PRODUCT_NAME = "$(TARGET_NAME)";
				SWIFT_EMIT_LOC_STRINGS = NO;
				SWIFT_VERSION = 5.0;
				TARGETED_DEVICE_FAMILY = "1,2";
				TEST_HOST = "$(BUILT_PRODUCTS_DIR)/LBCTechnicalTest.app/$(BUNDLE_EXECUTABLE_FOLDER_PATH)/LBCTechnicalTest";
			};
			name = Release;
		};
/* End XCBuildConfiguration section */

/* Begin XCConfigurationList section */
		1E823A932C1CD73F0005B2FF /* Build configuration list for PBXProject "LBCTechnicalTest" */ = {
			isa = XCConfigurationList;
			buildConfigurations = (
				1E823AC02C1CD7470005B2FF /* Debug */,
				1E823AC12C1CD7470005B2FF /* Release */,
			);
			defaultConfigurationIsVisible = 0;
			defaultConfigurationName = Release;
		};
		1E823AC22C1CD7470005B2FF /* Build configuration list for PBXNativeTarget "LBCTechnicalTest" */ = {
			isa = XCConfigurationList;
			buildConfigurations = (
				1E823AC32C1CD7470005B2FF /* Debug */,
				1E823AC42C1CD7470005B2FF /* Release */,
			);
			defaultConfigurationIsVisible = 0;
			defaultConfigurationName = Release;
		};
		1E823AC52C1CD7470005B2FF /* Build configuration list for PBXNativeTarget "LBCTechnicalTestTests" */ = {
			isa = XCConfigurationList;
			buildConfigurations = (
				1E823AC62C1CD7470005B2FF /* Debug */,
				1E823AC72C1CD7470005B2FF /* Release */,
			);
			defaultConfigurationIsVisible = 0;
			defaultConfigurationName = Release;
		};
/* End XCConfigurationList section */
	};
	rootObject = 1E823A902C1CD73F0005B2FF /* Project object */;
}
